
Microsoft Visual Studio Solution File, Format Version 12.00
# Visual Studio Version 16
VisualStudioVersion = 16.0.31702.278
MinimumVisualStudioVersion = 10.0.40219.1
Project("{888888A0-9F3D-457C-B088-3A5042F75D52}") = "MySite", "MySite.pyproj", "{5DE6F58C-DED1-4D3D-9AFC-9FA70BDB7385}"
EndProject
Global
	GlobalSection(SolutionConfigurationPlatforms) = preSolution
		Debug|Any CPU = Debug|Any CPU
		Release|Any CPU = Release|Any CPU
	EndGlobalSection
	GlobalSection(ProjectConfigurationPlatforms) = postSolution
		{5DE6F58C-DED1-4D3D-9AFC-9FA70BDB7385}.Debug|Any CPU.ActiveCfg = Debug|Any CPU
		{5DE6F58C-DED1-4D3D-9AFC-9FA70BDB7385}.Debug|Any CPU.Build.0 = Debug|Any CPU
		{5DE6F58C-DED1-4D3D-9AFC-9FA70BDB7385}.Release|Any CPU.ActiveCfg = Release|Any CPU
		{5DE6F58C-DED1-4D3D-9AFC-9FA70BDB7385}.Release|Any CPU.Build.0 = Release|Any CPU
	EndGlobalSection
	GlobalSection(SolutionProperties) = preSolution
		HideSolutionNode = FALSE
	EndGlobalSection
	GlobalSection(ExtensibilityGlobals) = postSolution
		SolutionGuid = {8C3B409E-AECF-4EAC-ACBD-DCAE3F711650}
	EndGlobalSection
EndGlobal
